
Microsoft Visual Studio Solution File, Format Version 12.00
# Visual Studio Version 17
VisualStudioVersion = 17.14.36202.13 d17.14
MinimumVisualStudioVersion = 10.0.40219.1
Project("{FAE04EC0-301F-11D3-BF4B-00C04F79EFBC}") = "chess", "chess\chess.csproj", "{3A7E3921-8CED-47EC-8F12-CF9D62C77BAF}"
EndProject
Global
	GlobalSection(SolutionConfigurationPlatforms) = preSolution
		Debug|Any CPU = Debug|Any CPU
		Release|Any CPU = Release|Any CPU
	EndGlobalSection
	GlobalSection(ProjectConfigurationPlatforms) = postSolution
		{3A7E3921-8CED-47EC-8F12-CF9D62C77BAF}.Debug|Any CPU.ActiveCfg = Debug|Any CPU
		{3A7E3921-8CED-47EC-8F12-CF9D62C77BAF}.Debug|Any CPU.Build.0 = Debug|Any CPU
		{3A7E3921-8CED-47EC-8F12-CF9D62C77BAF}.Release|Any CPU.ActiveCfg = Release|Any CPU
		{3A7E3921-8CED-47EC-8F12-CF9D62C77BAF}.Release|Any CPU.Build.0 = Release|Any CPU
	EndGlobalSection
	GlobalSection(SolutionProperties) = preSolution
		HideSolutionNode = FALSE
	EndGlobalSection
	GlobalSection(ExtensibilityGlobals) = postSolution
		SolutionGuid = {573E39CE-D1BB-4113-B471-FA610F4EBAB4}
	EndGlobalSection
EndGlobal
